
Microsoft Visual Studio Solution File, Format Version 12.00
# Visual Studio Version 16
VisualStudioVersion = 16.0.32602.291
MinimumVisualStudioVersion = 10.0.40219.1
Project("{2150E333-8FDC-42A3-9474-1A3956D46DE8}") = "Backend", "Backend", "{ABCD8FAF-7CBA-44E1-BF02-C288244BC740}"
EndProject
Project("{2150E333-8FDC-42A3-9474-1A3956D46DE8}") = "Test", "Test", "{B52345D3-55FF-4A4A-AD6B-94BCA2CBD883}"
EndProject
Project("{2150E333-8FDC-42A3-9474-1A3956D46DE8}") = "UI", "UI", "{BC268915-D953-43DE-97CD-BF1DF0E3548C}"
EndProject
Project("{9A19103F-16F7-4668-BE54-9A1E7A4F7556}") = "Test_UI", "Test_UI\Test_UI.csproj", "{6F726D2B-F801-49D9-9A0A-88DD4D75F1E5}"
EndProject
Project("{9A19103F-16F7-4668-BE54-9A1E7A4F7556}") = "BLL", "BLL\BLL.csproj", "{BA50AA2F-7A0A-45D4-A6D1-2F49A7665305}"
EndProject
Project("{9A19103F-16F7-4668-BE54-9A1E7A4F7556}") = "Entity", "Entity\Entity.csproj", "{C0BEFEAB-730D-454D-92AE-18E2C11FDFED}"
EndProject
Project("{9A19103F-16F7-4668-BE54-9A1E7A4F7556}") = "DAL", "DAL\DAL.csproj", "{60430385-E0E4-4212-85B5-842A34595548}"
EndProject
Project("{9A19103F-16F7-4668-BE54-9A1E7A4F7556}") = "Core", "Core\Core.csproj", "{D55CA489-9356-487A-B6FB-765753F2817C}"
EndProject
Project("{FAE04EC0-301F-11D3-BF4B-00C04F79EFBC}") = "Web_UI", "Web_UI\Web_UI.csproj", "{61D46D0C-3C4A-4C2D-A82B-0AD193AC83F6}"
EndProject
Global
	GlobalSection(SolutionConfigurationPlatforms) = preSolution
		Debug|Any CPU = Debug|Any CPU
		Release|Any CPU = Release|Any CPU
	EndGlobalSection
	GlobalSection(ProjectConfigurationPlatforms) = postSolution
		{6F726D2B-F801-49D9-9A0A-88DD4D75F1E5}.Debug|Any CPU.ActiveCfg = Debug|Any CPU
		{6F726D2B-F801-49D9-9A0A-88DD4D75F1E5}.Debug|Any CPU.Build.0 = Debug|Any CPU
		{6F726D2B-F801-49D9-9A0A-88DD4D75F1E5}.Release|Any CPU.ActiveCfg = Release|Any CPU
		{6F726D2B-F801-49D9-9A0A-88DD4D75F1E5}.Release|Any CPU.Build.0 = Release|Any CPU
		{BA50AA2F-7A0A-45D4-A6D1-2F49A7665305}.Debug|Any CPU.ActiveCfg = Debug|Any CPU
		{BA50AA2F-7A0A-45D4-A6D1-2F49A7665305}.Debug|Any CPU.Build.0 = Debug|Any CPU
		{BA50AA2F-7A0A-45D4-A6D1-2F49A7665305}.Release|Any CPU.ActiveCfg = Release|Any CPU
		{BA50AA2F-7A0A-45D4-A6D1-2F49A7665305}.Release|Any CPU.Build.0 = Release|Any CPU
		{C0BEFEAB-730D-454D-92AE-18E2C11FDFED}.Debug|Any CPU.ActiveCfg = Debug|Any CPU
		{C0BEFEAB-730D-454D-92AE-18E2C11FDFED}.Debug|Any CPU.Build.0 = Debug|Any CPU
		{C0BEFEAB-730D-454D-92AE-18E2C11FDFED}.Release|Any CPU.ActiveCfg = Release|Any CPU
		{C0BEFEAB-730D-454D-92AE-18E2C11FDFED}.Release|Any CPU.Build.0 = Release|Any CPU
		{60430385-E0E4-4212-85B5-842A34595548}.Debug|Any CPU.ActiveCfg = Debug|Any CPU
		{60430385-E0E4-4212-85B5-842A34595548}.Debug|Any CPU.Build.0 = Debug|Any CPU
		{60430385-E0E4-4212-85B5-842A34595548}.Release|Any CPU.ActiveCfg = Release|Any CPU
		{60430385-E0E4-4212-85B5-842A34595548}.Release|Any CPU.Build.0 = Release|Any CPU
		{D55CA489-9356-487A-B6FB-765753F2817C}.Debug|Any CPU.ActiveCfg = Debug|Any CPU
		{D55CA489-9356-487A-B6FB-765753F2817C}.Debug|Any CPU.Build.0 = Debug|Any CPU
		{D55CA489-9356-487A-B6FB-765753F2817C}.Release|Any CPU.ActiveCfg = Release|Any CPU
		{D55CA489-9356-487A-B6FB-765753F2817C}.Release|Any CPU.Build.0 = Release|Any CPU
		{61D46D0C-3C4A-4C2D-A82B-0AD193AC83F6}.Debug|Any CPU.ActiveCfg = Debug|Any CPU
		{61D46D0C-3C4A-4C2D-A82B-0AD193AC83F6}.Debug|Any CPU.Build.0 = Debug|Any CPU
		{61D46D0C-3C4A-4C2D-A82B-0AD193AC83F6}.Release|Any CPU.ActiveCfg = Release|Any CPU
		{61D46D0C-3C4A-4C2D-A82B-0AD193AC83F6}.Release|Any CPU.Build.0 = Release|Any CPU
	EndGlobalSection
	GlobalSection(SolutionProperties) = preSolution
		HideSolutionNode = FALSE
	EndGlobalSection
	GlobalSection(NestedProjects) = preSolution
		{6F726D2B-F801-49D9-9A0A-88DD4D75F1E5} = {B52345D3-55FF-4A4A-AD6B-94BCA2CBD883}
		{BA50AA2F-7A0A-45D4-A6D1-2F49A7665305} = {ABCD8FAF-7CBA-44E1-BF02-C288244BC740}
		{C0BEFEAB-730D-454D-92AE-18E2C11FDFED} = {ABCD8FAF-7CBA-44E1-BF02-C288244BC740}
		{60430385-E0E4-4212-85B5-842A34595548} = {ABCD8FAF-7CBA-44E1-BF02-C288244BC740}
		{D55CA489-9356-487A-B6FB-765753F2817C} = {ABCD8FAF-7CBA-44E1-BF02-C288244BC740}
		{61D46D0C-3C4A-4C2D-A82B-0AD193AC83F6} = {BC268915-D953-43DE-97CD-BF1DF0E3548C}
	EndGlobalSection
	GlobalSection(ExtensibilityGlobals) = postSolution
		SolutionGuid = {9B38FE04-CB87-43AF-BDAD-952A997B76A7}
	EndGlobalSection
EndGlobal
